// !$*UTF8*$!
{
	archiveVersion = 1;
	classes = {
	};
	objectVersion = 46;
	objects = {

/* Begin PBXBuildFile section */
		96A286BB1D700C1F00E695F6 /* main.m in Sources */ = {isa = PBXBuildFile; fileRef = 96A286BA1D700C1F00E695F6 /* main.m */; };
		96A286BE1D700C1F00E695F6 /* AppDelegate.m in Sources */ = {isa = PBXBuildFile; fileRef = 96A286BD1D700C1F00E695F6 /* AppDelegate.m */; };
		96A286C11D700C1F00E695F6 /* ViewController.m in Sources */ = {isa = PBXBuildFile; fileRef = 96A286C01D700C1F00E695F6 /* ViewController.m */; };
		96A286C41D700C1F00E695F6 /* Main.storyboard in Resources */ = {isa = PBXBuildFile; fileRef = 96A286C21D700C1F00E695F6 /* Main.storyboard */; };
		96A286C61D700C1F00E695F6 /* Assets.xcassets in Resources */ = {isa = PBXBuildFile; fileRef = 96A286C51D700C1F00E695F6 /* Assets.xcassets */; };
		96A286C91D700C1F00E695F6 /* LaunchScreen.storyboard in Resources */ = {isa = PBXBuildFile; fileRef = 96A286C71D700C1F00E695F6 /* LaunchScreen.storyboard */; };
/* End PBXBuildFile section */

/* Begin PBXFileReference section */
		96A286B61D700C1E00E695F6 /* ViewGeometryOutlets.app */ = {isa = PBXFileReference; explicitFileType = wrapper.application; includeInIndex = 0; path = ViewGeometryOutlets.app; sourceTree = BUILT_PRODUCTS_DIR; };
		96A286BA1D700C1F00E695F6 /* main.m */ = {isa = PBXFileReference; lastKnownFileType = sourcecode.c.objc; path = main.m; sourceTree = "<group>"; };
		96A286BC1D700C1F00E695F6 /* AppDelegate.h */ = {isa = PBXFileReference; lastKnownFileType = sourcecode.c.h; path = AppDelegate.h; sourceTree = "<group>"; };
		96A286BD1D700C1F00E695F6 /* AppDelegate.m */ = {isa = PBXFileReference; lastKnownFileType = sourcecode.c.objc; path = AppDelegate.m; sourceTree = "<group>"; };
		96A286BF1D700C1F00E695F6 /* ViewController.h */ = {isa = PBXFileReference; lastKnownFileType = sourcecode.c.h; path = ViewController.h; sourceTree = "<group>"; };
		96A286C01D700C1F00E695F6 /* ViewController.m */ = {isa = PBXFileReference; lastKnownFileType = sourcecode.c.objc; path = ViewController.m; sourceTree = "<group>"; };
		96A286C31D700C1F00E695F6 /* Base */ = {isa = PBXFileReference; lastKnownFileType = file.storyboard; name = Base; path = Base.lproj/Main.storyboard; sourceTree = "<group>"; };
		96A286C51D700C1F00E695F6 /* Assets.xcassets */ = {isa = PBXFileReference; lastKnownFileType = folder.assetcatalog; path = Assets.xcassets; sourceTree = "<group>"; };
		96A286C81D700C1F00E695F6 /* Base */ = {isa = PBXFileReference; lastKnownFileType = file.storyboard; name = Base; path = Base.lproj/LaunchScreen.storyboard; sourceTree = "<group>"; };
		96A286CA1D700C1F00E695F6 /* Info.plist */ = {isa = PBXFileReference; lastKnownFileType = text.plist.xml; path = Info.plist; sourceTree = "<group>"; };
/* End PBXFileReference section */

/* Begin PBXFrameworksBuildPhase section */
		96A286B31D700C1E00E695F6 /* Frameworks */ = {
			isa = PBXFrameworksBuildPhase;
			buildActionMask = 2147483647;
			files = (
			);
			runOnlyForDeploymentPostprocessing = 0;
		};
/* End PBXFrameworksBuildPhase section */

/* Begin PBXGroup section */
		96A286AD1D700C1E00E695F6 = {
			isa = PBXGroup;
			children = (
				96A286B81D700C1F00E695F6 /* ViewGeometryOutlets */,
				96A286B71D700C1E00E695F6 /* Products */,
			);
			sourceTree = "<group>";
		};
		96A286B71D700C1E00E695F6 /* Products */ = {
			isa = PBXGroup;
			children = (
				96A286B61D700C1E00E695F6 /* ViewGeometryOutlets.app */,
			);
			name = Products;
			sourceTree = "<group>";
		};
		96A286B81D700C1F00E695F6 /* ViewGeometryOutlets */ = {
			isa = PBXGroup;
			children = (
				96A286BC1D700C1F00E695F6 /* AppDelegate.h */,
				96A286BD1D700C1F00E695F6 /* AppDelegate.m */,
				96A286BF1D700C1F00E695F6 /* ViewController.h */,
				96A286C01D700C1F00E695F6 /* ViewController.m */,
				96A286C21D700C1F00E695F6 /* Main.storyboard */,
				96A286C51D700C1F00E695F6 /* Assets.xcassets */,
				96A286C71D700C1F00E695F6 /* LaunchScreen.storyboard */,
				96A286CA1D700C1F00E695F6 /* Info.plist */,
				96A286B91D700C1F00E695F6 /* Supporting Files */,
			);
			path = ViewGeometryOutlets;
			sourceTree = "<group>";
		};
		96A286B91D700C1F00E695F6 /* Supporting Files */ = {
			isa = PBXGroup;
			children = (
				96A286BA1D700C1F00E695F6 /* main.m */,
			);
			name = "Supporting Files";
			sourceTree = "<group>";
		};
/* End PBXGroup section */

/* Begin PBXNativeTarget section */
		96A286B51D700C1E00E695F6 /* ViewGeometryOutlets */ = {
			isa = PBXNativeTarget;
			buildConfigurationList = 96A286CD1D700C1F00E695F6 /* Build configuration list for PBXNativeTarget "ViewGeometryOutlets" */;
			buildPhases = (
				96A286B21D700C1E00E695F6 /* Sources */,
				96A286B31D700C1E00E695F6 /* Frameworks */,
				96A286B41D700C1E00E695F6 /* Resources */,
			);
			buildRules = (
			);
			dependencies = (
			);
			name = ViewGeometryOutlets;
			productName = ViewGeometryOutlets;
			productReference = 96A286B61D700C1E00E695F6 /* ViewGeometryOutlets.app */;
			productType = "com.apple.product-type.application";
		};
/* End PBXNativeTarget section */

/* Begin PBXProject section */
		96A286AE1D700C1E00E695F6 /* Project object */ = {
			isa = PBXProject;
			attributes = {
				LastUpgradeCheck = 0730;
				ORGANIZATIONNAME = EnzoF;
				TargetAttributes = {
					96A286B51D700C1E00E695F6 = {
						CreatedOnToolsVersion = 7.3.1;
						DevelopmentTeam = FTL8887NNR;
					};
				};
			};
			buildConfigurationList = 96A286B11D700C1E00E695F6 /* Build configuration list for PBXProject "ViewGeometryOutlets" */;
			compatibilityVersion = "Xcode 3.2";
			developmentRegion = English;
			hasScannedForEncodings = 0;
			knownRegions = (
				en,
				Base,
			);
			mainGroup = 96A286AD1D700C1E00E695F6;
			productRefGroup = 96A286B71D700C1E00E695F6 /* Products */;
			projectDirPath = "";
			projectRoot = "";
			targets = (
				96A286B51D700C1E00E695F6 /* ViewGeometryOutlets */,
			);
		};
/* End PBXProject section */

/* Begin PBXResourcesBuildPhase section */
		96A286B41D700C1E00E695F6 /* Resources */ = {
			isa = PBXResourcesBuildPhase;
			buildActionMask = 2147483647;
			files = (
				96A286C91D700C1F00E695F6 /* LaunchScreen.storyboard in Resources */,
				96A286C61D700C1F00E695F6 /* Assets.xcassets in Resources */,
				96A286C41D700C1F00E695F6 /* Main.storyboard in Resources */,
			);
			runOnlyForDeploymentPostprocessing = 0;
		};
/* End PBXResourcesBuildPhase section */

/* Begin PBXSourcesBuildPhase section */
		96A286B21D700C1E00E695F6 /* Sources */ = {
			isa = PBXSourcesBuildPhase;
			buildActionMask = 2147483647;
			files = (
				96A286C11D700C1F00E695F6 /* ViewController.m in Sources */,
				96A286BE1D700C1F00E695F6 /* AppDelegate.m in Sources */,
				96A286BB1D700C1F00E695F6 /* main.m in Sources */,
			);
			runOnlyForDeploymentPostprocessing = 0;
		};
/* End PBXSourcesBuildPhase section */

/* Begin PBXVariantGroup section */
		96A286C21D700C1F00E695F6 /* Main.storyboard */ = {
			isa = PBXVariantGroup;
			children = (
				96A286C31D700C1F00E695F6 /* Base */,
			);
			name = Main.storyboard;
			sourceTree = "<group>";
		};
		96A286C71D700C1F00E695F6 /* LaunchScreen.storyboard */ = {
			isa = PBXVariantGroup;
			children = (
				96A286C81D700C1F00E695F6 /* Base */,
			);
			name = LaunchScreen.storyboard;
			sourceTree = "<group>";
		};
/* End PBXVariantGroup section */

/* Begin XCBuildConfiguration section */
		96A286CB1D700C1F00E695F6 /* Debug */ = {
			isa = XCBuildConfiguration;
			buildSettings = {
				ALWAYS_SEARCH_USER_PATHS = NO;
				CLANG_ANALYZER_NONNULL = YES;
				CLANG_CXX_LANGUAGE_STANDARD = "gnu++0x";
				CLANG_CXX_LIBRARY = "libc++";
				CLANG_ENABLE_MODULES = YES;
				CLANG_ENABLE_OBJC_ARC = YES;
				CLANG_WARN_BOOL_CONVERSION = YES;
				CLANG_WARN_CONSTANT_CONVERSION = YES;
				CLANG_WARN_DIRECT_OBJC_ISA_USAGE = YES_ERROR;
				CLANG_WARN_EMPTY_BODY = YES;
				CLANG_WARN_ENUM_CONVERSION = YES;
				CLANG_WARN_INT_CONVERSION = YES;
				CLANG_WARN_OBJC_ROOT_CLASS = YES_ERROR;
				CLANG_WARN_UNREACHABLE_CODE = YES;
				CLANG_WARN__DUPLICATE_METHOD_MATCH = YES;
				"CODE_SIGN_IDENTITY[sdk=iphoneos*]" = "iPhone Developer";
				COPY_PHASE_STRIP = NO;
				DEBUG_INFORMATION_FORMAT = dwarf;
				ENABLE_STRICT_OBJC_MSGSEND = YES;
				ENABLE_TESTABILITY = YES;
				GCC_C_LANGUAGE_STANDARD = gnu99;
				GCC_DYNAMIC_NO_PIC = NO;
				GCC_NO_COMMON_BLOCKS = YES;
				GCC_OPTIMIZATION_LEVEL = 0;
				GCC_PREPROCESSOR_DEFINITIONS = (
					"DEBUG=1",
					"$(inherited)",
				);
				GCC_WARN_64_TO_32_BIT_CONVERSION = YES;
				GCC_WARN_ABOUT_RETURN_TYPE = YES_ERROR;
				GCC_WARN_UNDECLARED_SELECTOR = YES;
				GCC_WARN_UNINITIALIZED_AUTOS = YES_AGGRESSIVE;
				GCC_WARN_UNUSED_FUNCTION = YES;
				GCC_WARN_UNUSED_VARIABLE = YES;
				IPHONEOS_DEPLOYMENT_TARGET = 9.3;
				MTL_ENABLE_DEBUG_INFO = YES;
				ONLY_ACTIVE_ARCH = YES;
				SDKROOT = iphoneos;
				TARGETED_DEVICE_FAMILY = "1,2";
			};
			name = Debug;
		};
		96A286CC1D700C1F00E695F6 /* Release */ = {
			isa = XCBuildConfiguration;
			buildSettings = {
				ALWAYS_SEARCH_USER_PATHS = NO;
				CLANG_ANALYZER_NONNULL = YES;
				CLANG_CXX_LANGUAGE_STANDARD = "gnu++0x";
				CLANG_CXX_LIBRARY = "libc++";
				CLANG_ENABLE_MODULES = YES;
				CLANG_ENABLE_OBJC_ARC = YES;
				CLANG_WARN_BOOL_CONVERSION = YES;
				CLANG_WARN_CONSTANT_CONVERSION = YES;
				CLANG_WARN_DIRECT_OBJC_ISA_USAGE = YES_ERROR;
				CLANG_WARN_EMPTY_BODY = YES;
				CLANG_WARN_ENUM_CONVERSION = YES;
				CLANG_WARN_INT_CONVERSION = YES;
				CLANG_WARN_OBJC_ROOT_CLASS = YES_ERROR;
				CLANG_WARN_UNREACHABLE_CODE = YES;
				CLANG_WARN__DUPLICATE_METHOD_MATCH = YES;
				"CODE_SIGN_IDENTITY[sdk=iphoneos*]" = "iPhone Developer";
				COPY_PHASE_STRIP = NO;
				DEBUG_INFORMATION_FORMAT = "dwarf-with-dsym";
				ENABLE_NS_ASSERTIONS = NO;
				ENABLE_STRICT_OBJC_MSGSEND = YES;
				GCC_C_LANGUAGE_STANDARD = gnu99;
				GCC_NO_COMMON_BLOCKS = YES;
				GCC_WARN_64_TO_32_BIT_CONVERSION = YES;
				GCC_WARN_ABOUT_RETURN_TYPE = YES_ERROR;
				GCC_WARN_UNDECLARED_SELECTOR = YES;
				GCC_WARN_UNINITIALIZED_AUTOS = YES_AGGRESSIVE;
				GCC_WARN_UNUSED_FUNCTION = YES;
				GCC_WARN_UNUSED_VARIABLE = YES;
				IPHONEOS_DEPLOYMENT_TARGET = 9.3;
				MTL_ENABLE_DEBUG_INFO = NO;
				SDKROOT = iphoneos;
				TARGETED_DEVICE_FAMILY = "1,2";
				VALIDATE_PRODUCT = YES;
			};
			name = Release;
		};
		96A286CE1D700C1F00E695F6 /* Debug */ = {
			isa = XCBuildConfiguration;
			buildSettings = {
				ASSETCATALOG_COMPILER_APPICON_NAME = AppIcon;
				INFOPLIST_FILE = ViewGeometryOutlets/Info.plist;
				LD_RUNPATH_SEARCH_PATHS = "$(inherited) @executable_path/Frameworks";
				PRODUCT_BUNDLE_IDENTIFIER = com.EFCompany.ViewGeometryOutlets;
				PRODUCT_NAME = "$(TARGET_NAME)";
			};
			name = Debug;
		};
		96A286CF1D700C1F00E695F6 /* Release */ = {
			isa = XCBuildConfiguration;
			buildSettings = {
				ASSETCATALOG_COMPILER_APPICON_NAME = AppIcon;
				INFOPLIST_FILE = ViewGeometryOutlets/Info.plist;
				LD_RUNPATH_SEARCH_PATHS = "$(inherited) @executable_path/Frameworks";
				PRODUCT_BUNDLE_IDENTIFIER = com.EFCompany.ViewGeometryOutlets;
				PRODUCT_NAME = "$(TARGET_NAME)";
			};
			name = Release;
		};
/* End XCBuildConfiguration section */

/* Begin XCConfigurationList section */
		96A286B11D700C1E00E695F6 /* Build configuration list for PBXProject "ViewGeometryOutlets" */ = {
			isa = XCConfigurationList;
			buildConfigurations = (
				96A286CB1D700C1F00E695F6 /* Debug */,
				96A286CC1D700C1F00E695F6 /* Release */,
			);
			defaultConfigurationIsVisible = 0;
			defaultConfigurationName = Release;
		};
		96A286CD1D700C1F00E695F6 /* Build configuration list for PBXNativeTarget "ViewGeometryOutlets" */ = {
			isa = XCConfigurationList;
			buildConfigurations = (
				96A286CE1D700C1F00E695F6 /* Debug */,
				96A286CF1D700C1F00E695F6 /* Release */,
			);
			defaultConfigurationIsVisible = 0;
		};
/* End XCConfigurationList section */
	};
	rootObject = 96A286AE1D700C1E00E695F6 /* Project object */;
}
